// !$*UTF8*$!
{
	archiveVersion = 1;
	classes = {
	};
	objectVersion = 45;
	objects = {

/* Begin PBXBuildFile section */
		10C71DCE110B5D9F008E8718 /* SudzCExamplesAppDelegate.m in Sources */ = {isa = PBXBuildFile; fileRef = 10C71DCC110B5D9F008E8718 /* SudzCExamplesAppDelegate.m */; };
		10C71E6E110B5EC0008E8718 /* SystemConfiguration.framework in Frameworks */ = {isa = PBXBuildFile; fileRef = 10C71E6D110B5EC0008E8718 /* SystemConfiguration.framework */; };
/***PBXBuildFile***/
		1067D05812B7BA3D005BBFFD /* NSMutableArray+Soap.m in Sources */ = {isa = PBXBuildFile; fileRef = 1067D05712B7BA3D005BBFFD /* NSMutableArray+Soap.m */; };
		10C72023110C0A71008E8718 /* NSData+Base64.m in Sources */ = {isa = PBXBuildFile; fileRef = 10C71F93110C0A71008E8718 /* NSData+Base64.m */; };
		10C72024110C0A71008E8718 /* Soap.m in Sources */ = {isa = PBXBuildFile; fileRef = 10C71F95110C0A71008E8718 /* Soap.m */; };
		10C72025110C0A71008E8718 /* SoapArray.m in Sources */ = {isa = PBXBuildFile; fileRef = 10C71F97110C0A71008E8718 /* SoapArray.m */; };
		10C72026110C0A71008E8718 /* SoapDictionary.m in Sources */ = {isa = PBXBuildFile; fileRef = 10C71F9A110C0A71008E8718 /* SoapDictionary.m */; };
		10C72027110C0A71008E8718 /* SoapFault.m in Sources */ = {isa = PBXBuildFile; fileRef = 10C71F9C110C0A71008E8718 /* SoapFault.m */; };
		10C72028110C0A71008E8718 /* SoapHandler.m in Sources */ = {isa = PBXBuildFile; fileRef = 10C71F9E110C0A71008E8718 /* SoapHandler.m */; };
		10C72029110C0A71008E8718 /* SoapNil.m in Sources */ = {isa = PBXBuildFile; fileRef = 10C71FA0110C0A71008E8718 /* SoapNil.m */; };
		107DACA91217305B00F18A8A /* SoapLiteral.m in Sources */ = {isa = PBXBuildFile; fileRef = 107DACA71217305B00F18A8A /* SoapLiteral.m */; };
		10C7202A110C0A71008E8718 /* SoapObject.m in Sources */ = {isa = PBXBuildFile; fileRef = 10C71FA2110C0A71008E8718 /* SoapObject.m */; };
		10C7202B110C0A71008E8718 /* SoapParameter.m in Sources */ = {isa = PBXBuildFile; fileRef = 10C71FA4110C0A71008E8718 /* SoapParameter.m */; };
		10C7202C110C0A71008E8718 /* SoapReachability.m in Sources */ = {isa = PBXBuildFile; fileRef = 10C71FA6110C0A71008E8718 /* SoapReachability.m */; };
		10C7202D110C0A71008E8718 /* SoapRequest.m in Sources */ = {isa = PBXBuildFile; fileRef = 10C71FA8110C0A71008E8718 /* SoapRequest.m */; };
		10C7202E110C0A71008E8718 /* SoapService.m in Sources */ = {isa = PBXBuildFile; fileRef = 10C71FAA110C0A71008E8718 /* SoapService.m */; };
		10C7202F110C0A71008E8718 /* CXMLDocument.m in Sources */ = {isa = PBXBuildFile; fileRef = 10C71FAD110C0A71008E8718 /* CXMLDocument.m */; };
		10C72030110C0A71008E8718 /* CXMLDocument_PrivateExtensions.m in Sources */ = {isa = PBXBuildFile; fileRef = 10C71FAF110C0A71008E8718 /* CXMLDocument_PrivateExtensions.m */; };
		10C72031110C0A71008E8718 /* CXMLElement.m in Sources */ = {isa = PBXBuildFile; fileRef = 10C71FB1110C0A71008E8718 /* CXMLElement.m */; };
		10C72032110C0A71008E8718 /* CXMLNode.m in Sources */ = {isa = PBXBuildFile; fileRef = 10C71FB3110C0A71008E8718 /* CXMLNode.m */; };
		10C72033110C0A71008E8718 /* CXMLNode_PrivateExtensions.m in Sources */ = {isa = PBXBuildFile; fileRef = 10C71FB5110C0A71008E8718 /* CXMLNode_PrivateExtensions.m */; };
		10C72034110C0A71008E8718 /* CXMLNode_XPathExtensions.m in Sources */ = {isa = PBXBuildFile; fileRef = 10C71FB7110C0A71008E8718 /* CXMLNode_XPathExtensions.m */; };
		1D60589B0D05DD56006BFB54 /* main.m in Sources */ = {isa = PBXBuildFile; fileRef = 29B97316FDCFA39411CA2CEA /* main.m */; };
		1D60589F0D05DD5A006BFB54 /* Foundation.framework in Frameworks */ = {isa = PBXBuildFile; fileRef = 1D30AB110D05D00D00671497 /* Foundation.framework */; };
		1DF5F4E00D08C38300B7A737 /* UIKit.framework in Frameworks */ = {isa = PBXBuildFile; fileRef = 1DF5F4DF0D08C38300B7A737 /* UIKit.framework */; };
		288765FD0DF74451002DB57D /* CoreGraphics.framework in Frameworks */ = {isa = PBXBuildFile; fileRef = 288765FC0DF74451002DB57D /* CoreGraphics.framework */; };
		28AD733F0D9D9553002E5188 /* MainWindow.xib in Resources */ = {isa = PBXBuildFile; fileRef = 28AD733E0D9D9553002E5188 /* MainWindow.xib */; };
/* End PBXBuildFile section */

/* Begin PBXFileReference section */
		10C71DCC110B5D9F008E8718 /* SudzCExamplesAppDelegate.m */ = {isa = PBXFileReference; fileEncoding = 4; lastKnownFileType = sourcecode.c.objc; path = SudzCExamplesAppDelegate.m; sourceTree = "<group>"; };
		10C71DCD110B5D9F008E8718 /* SudzCExamplesAppDelegate.h */ = {isa = PBXFileReference; fileEncoding = 4; lastKnownFileType = sourcecode.c.h; path = SudzCExamplesAppDelegate.h; sourceTree = "<group>"; };
		10C71E6D110B5EC0008E8718 /* SystemConfiguration.framework */ = {isa = PBXFileReference; lastKnownFileType = wrapper.framework; name = SystemConfiguration.framework; path = System/Library/Frameworks/SystemConfiguration.framework; sourceTree = SDKROOT; };
/***PBXFileReference***/
		1067D05612B7BA3D005BBFFD /* NSMutableArray+Soap.h */ = {isa = PBXFileReference; fileEncoding = 4; lastKnownFileType = sourcecode.c.h; path = "NSMutableArray+Soap.h"; sourceTree = "<group>"; };
		1067D05712B7BA3D005BBFFD /* NSMutableArray+Soap.m */ = {isa = PBXFileReference; fileEncoding = 4; lastKnownFileType = sourcecode.c.objc; path = "NSMutableArray+Soap.m"; sourceTree = "<group>"; };
		10C71F92110C0A71008E8718 /* NSData+Base64.h */ = {isa = PBXFileReference; fileEncoding = 4; lastKnownFileType = sourcecode.c.h; path = "NSData+Base64.h"; sourceTree = "<group>"; };
		10C71F93110C0A71008E8718 /* NSData+Base64.m */ = {isa = PBXFileReference; fileEncoding = 4; lastKnownFileType = sourcecode.c.objc; path = "NSData+Base64.m"; sourceTree = "<group>"; };
		10C71F94110C0A71008E8718 /* Soap.h */ = {isa = PBXFileReference; fileEncoding = 4; lastKnownFileType = sourcecode.c.h; path = Soap.h; sourceTree = "<group>"; };
		10C71F95110C0A71008E8718 /* Soap.m */ = {isa = PBXFileReference; fileEncoding = 4; lastKnownFileType = sourcecode.c.objc; path = Soap.m; sourceTree = "<group>"; };
		10C71F96110C0A71008E8718 /* SoapArray.h */ = {isa = PBXFileReference; fileEncoding = 4; lastKnownFileType = sourcecode.c.h; path = SoapArray.h; sourceTree = "<group>"; };
		10C71F97110C0A71008E8718 /* SoapArray.m */ = {isa = PBXFileReference; fileEncoding = 4; lastKnownFileType = sourcecode.c.objc; path = SoapArray.m; sourceTree = "<group>"; };
		10C71F99110C0A71008E8718 /* SoapDictionary.h */ = {isa = PBXFileReference; fileEncoding = 4; lastKnownFileType = sourcecode.c.h; path = SoapDictionary.h; sourceTree = "<group>"; };
		10C71F9A110C0A71008E8718 /* SoapDictionary.m */ = {isa = PBXFileReference; fileEncoding = 4; lastKnownFileType = sourcecode.c.objc; path = SoapDictionary.m; sourceTree = "<group>"; };
		10C71F98110C0A71008E8718 /* SoapDelegate.h */ = {isa = PBXFileReference; fileEncoding = 4; lastKnownFileType = sourcecode.c.h; path = SoapDelegate.h; sourceTree = "<group>"; };
		10C71F9B110C0A71008E8718 /* SoapFault.h */ = {isa = PBXFileReference; fileEncoding = 4; lastKnownFileType = sourcecode.c.h; path = SoapFault.h; sourceTree = "<group>"; };
		10C71F9C110C0A71008E8718 /* SoapFault.m */ = {isa = PBXFileReference; fileEncoding = 4; lastKnownFileType = sourcecode.c.objc; path = SoapFault.m; sourceTree = "<group>"; };
		10C71F9D110C0A71008E8718 /* SoapHandler.h */ = {isa = PBXFileReference; fileEncoding = 4; lastKnownFileType = sourcecode.c.h; path = SoapHandler.h; sourceTree = "<group>"; };
		10C71F9E110C0A71008E8718 /* SoapHandler.m */ = {isa = PBXFileReference; fileEncoding = 4; lastKnownFileType = sourcecode.c.objc; path = SoapHandler.m; sourceTree = "<group>"; };
		107DACA71217305B00F18A8A /* SoapLiteral.m */ = {isa = PBXFileReference; fileEncoding = 4; lastKnownFileType = sourcecode.c.objc; path = SoapLiteral.m; sourceTree = "<group>"; };
		107DACA81217305B00F18A8A /* SoapLiteral.h */ = {isa = PBXFileReference; fileEncoding = 4; lastKnownFileType = sourcecode.c.h; path = SoapLiteral.h; sourceTree = "<group>"; };
		10C71F9F110C0A71008E8718 /* SoapNil.h */ = {isa = PBXFileReference; fileEncoding = 4; lastKnownFileType = sourcecode.c.h; path = SoapNil.h; sourceTree = "<group>"; };
		10C71FA0110C0A71008E8718 /* SoapNil.m */ = {isa = PBXFileReference; fileEncoding = 4; lastKnownFileType = sourcecode.c.objc; path = SoapNil.m; sourceTree = "<group>"; };
		10C71FA1110C0A71008E8718 /* SoapObject.h */ = {isa = PBXFileReference; fileEncoding = 4; lastKnownFileType = sourcecode.c.h; path = SoapObject.h; sourceTree = "<group>"; };
		10C71FA2110C0A71008E8718 /* SoapObject.m */ = {isa = PBXFileReference; fileEncoding = 4; lastKnownFileType = sourcecode.c.objc; path = SoapObject.m; sourceTree = "<group>"; };
		10C71FA3110C0A71008E8718 /* SoapParameter.h */ = {isa = PBXFileReference; fileEncoding = 4; lastKnownFileType = sourcecode.c.h; path = SoapParameter.h; sourceTree = "<group>"; };
		10C71FA4110C0A71008E8718 /* SoapParameter.m */ = {isa = PBXFileReference; fileEncoding = 4; lastKnownFileType = sourcecode.c.objc; path = SoapParameter.m; sourceTree = "<group>"; };
		10C71FA5110C0A71008E8718 /* SoapReachability.h */ = {isa = PBXFileReference; fileEncoding = 4; lastKnownFileType = sourcecode.c.h; path = SoapReachability.h; sourceTree = "<group>"; };
		10C71FA6110C0A71008E8718 /* SoapReachability.m */ = {isa = PBXFileReference; fileEncoding = 4; lastKnownFileType = sourcecode.c.objc; path = SoapReachability.m; sourceTree = "<group>"; };
		10C71FA7110C0A71008E8718 /* SoapRequest.h */ = {isa = PBXFileReference; fileEncoding = 4; lastKnownFileType = sourcecode.c.h; path = SoapRequest.h; sourceTree = "<group>"; };
		10C71FA8110C0A71008E8718 /* SoapRequest.m */ = {isa = PBXFileReference; fileEncoding = 4; lastKnownFileType = sourcecode.c.objc; path = SoapRequest.m; sourceTree = "<group>"; };
		10C71FA9110C0A71008E8718 /* SoapService.h */ = {isa = PBXFileReference; fileEncoding = 4; lastKnownFileType = sourcecode.c.h; path = SoapService.h; sourceTree = "<group>"; };
		10C71FAA110C0A71008E8718 /* SoapService.m */ = {isa = PBXFileReference; fileEncoding = 4; lastKnownFileType = sourcecode.c.objc; path = SoapService.m; sourceTree = "<group>"; };
		10C71FAC110C0A71008E8718 /* CXMLDocument.h */ = {isa = PBXFileReference; fileEncoding = 4; lastKnownFileType = sourcecode.c.h; path = CXMLDocument.h; sourceTree = "<group>"; };
		10C71FAD110C0A71008E8718 /* CXMLDocument.m */ = {isa = PBXFileReference; fileEncoding = 4; lastKnownFileType = sourcecode.c.objc; path = CXMLDocument.m; sourceTree = "<group>"; };
		10C71FAE110C0A71008E8718 /* CXMLDocument_PrivateExtensions.h */ = {isa = PBXFileReference; fileEncoding = 4; lastKnownFileType = sourcecode.c.h; path = CXMLDocument_PrivateExtensions.h; sourceTree = "<group>"; };
		10C71FAF110C0A71008E8718 /* CXMLDocument_PrivateExtensions.m */ = {isa = PBXFileReference; fileEncoding = 4; lastKnownFileType = sourcecode.c.objc; path = CXMLDocument_PrivateExtensions.m; sourceTree = "<group>"; };
		10C71FB0110C0A71008E8718 /* CXMLElement.h */ = {isa = PBXFileReference; fileEncoding = 4; lastKnownFileType = sourcecode.c.h; path = CXMLElement.h; sourceTree = "<group>"; };
		10C71FB1110C0A71008E8718 /* CXMLElement.m */ = {isa = PBXFileReference; fileEncoding = 4; lastKnownFileType = sourcecode.c.objc; path = CXMLElement.m; sourceTree = "<group>"; };
		10C71FB2110C0A71008E8718 /* CXMLNode.h */ = {isa = PBXFileReference; fileEncoding = 4; lastKnownFileType = sourcecode.c.h; path = CXMLNode.h; sourceTree = "<group>"; };
		10C71FB3110C0A71008E8718 /* CXMLNode.m */ = {isa = PBXFileReference; fileEncoding = 4; lastKnownFileType = sourcecode.c.objc; path = CXMLNode.m; sourceTree = "<group>"; };
		10C71FB4110C0A71008E8718 /* CXMLNode_PrivateExtensions.h */ = {isa = PBXFileReference; fileEncoding = 4; lastKnownFileType = sourcecode.c.h; path = CXMLNode_PrivateExtensions.h; sourceTree = "<group>"; };
		10C71FB5110C0A71008E8718 /* CXMLNode_PrivateExtensions.m */ = {isa = PBXFileReference; fileEncoding = 4; lastKnownFileType = sourcecode.c.objc; path = CXMLNode_PrivateExtensions.m; sourceTree = "<group>"; };
		10C71FB6110C0A71008E8718 /* CXMLNode_XPathExtensions.h */ = {isa = PBXFileReference; fileEncoding = 4; lastKnownFileType = sourcecode.c.h; path = CXMLNode_XPathExtensions.h; sourceTree = "<group>"; };
		10C71FB7110C0A71008E8718 /* CXMLNode_XPathExtensions.m */ = {isa = PBXFileReference; fileEncoding = 4; lastKnownFileType = sourcecode.c.objc; path = CXMLNode_XPathExtensions.m; sourceTree = "<group>"; };		
		10C71FB8110C0A71008E8718 /* TouchXML.h */ = {isa = PBXFileReference; fileEncoding = 4; lastKnownFileType = sourcecode.c.h; path = TouchXML.h; sourceTree = "<group>"; };
		1D30AB110D05D00D00671497 /* Foundation.framework */ = {isa = PBXFileReference; lastKnownFileType = wrapper.framework; name = Foundation.framework; path = System/Library/Frameworks/Foundation.framework; sourceTree = SDKROOT; };
		1D6058910D05DD3D006BFB54 /* SudzCExamples.app */ = {isa = PBXFileReference; explicitFileType = wrapper.application; includeInIndex = 0; path = SudzCExamples.app; sourceTree = BUILT_PRODUCTS_DIR; };
		1DF5F4DF0D08C38300B7A737 /* UIKit.framework */ = {isa = PBXFileReference; lastKnownFileType = wrapper.framework; name = UIKit.framework; path = System/Library/Frameworks/UIKit.framework; sourceTree = SDKROOT; };
		288765FC0DF74451002DB57D /* CoreGraphics.framework */ = {isa = PBXFileReference; lastKnownFileType = wrapper.framework; name = CoreGraphics.framework; path = System/Library/Frameworks/CoreGraphics.framework; sourceTree = SDKROOT; };
		28AD733E0D9D9553002E5188 /* MainWindow.xib */ = {isa = PBXFileReference; lastKnownFileType = file.xib; path = MainWindow.xib; sourceTree = "<group>"; };
		29B97316FDCFA39411CA2CEA /* main.m */ = {isa = PBXFileReference; fileEncoding = 4; lastKnownFileType = sourcecode.c.objc; path = main.m; sourceTree = "<group>"; };
		32CA4F630368D1EE00C91783 /* SudzCExamples_Prefix.pch */ = {isa = PBXFileReference; fileEncoding = 4; lastKnownFileType = sourcecode.c.h; path = SudzCExamples_Prefix.pch; sourceTree = "<group>"; };
		8D1107310486CEB800E47090 /* SudzCExamples-Info.plist */ = {isa = PBXFileReference; fileEncoding = 4; lastKnownFileType = text.plist.xml; path = "SudzCExamples-Info.plist"; plistStructureDefinitionIdentifier = "com.apple.xcode.plist.structure-definition.iphone.info-plist"; sourceTree = "<group>"; };
/* End PBXFileReference section */

/* Begin PBXFrameworksBuildPhase section */
		1D60588F0D05DD3D006BFB54 /* Frameworks */ = {
			isa = PBXFrameworksBuildPhase;
			buildActionMask = 2147483647;
			files = (
				1D60589F0D05DD5A006BFB54 /* Foundation.framework in Frameworks */,
				1DF5F4E00D08C38300B7A737 /* UIKit.framework in Frameworks */,
				288765FD0DF74451002DB57D /* CoreGraphics.framework in Frameworks */,
				10C71E6E110B5EC0008E8718 /* SystemConfiguration.framework in Frameworks */,
			);
			runOnlyForDeploymentPostprocessing = 0;
		};
/* End PBXFrameworksBuildPhase section */

/* Begin PBXGroup section */
		10C71DC8110B5D8E008E8718 /* Classes */ = {
			isa = PBXGroup;
			children = (
				10C71DCC110B5D9F008E8718 /* SudzCExamplesAppDelegate.m */,
				10C71DCD110B5D9F008E8718 /* SudzCExamplesAppDelegate.h */,
			);
			name = Classes;
			sourceTree = "<group>";
		};
		10C71EBB110C0A71008E8718 /* Source */ = {
			isa = PBXGroup;
			children = (
				1027CDDE110CDB4A00147F52 /* Examples */,
				10C71EBC110C0A71008E8718 /* Generated */,
				10C71F91110C0A71008E8718 /* Soap */,
				10C71FAB110C0A71008E8718 /* TouchXML */,
			);
			name = Source;
			path = ../Source;
			sourceTree = SOURCE_ROOT;
		};
		1027CDDE110CDB4A00147F52 /* Examples */ = {

			isa = PBXGroup;

			children = (

/***PBXGroupExamples***/

			);

			path = Examples;

			sourceTree = "<group>";

		};
		10C71EBC110C0A71008E8718 /* Generated */ = {
			isa = PBXGroup;
			children = (
/***PBXGroupGenerated***/
			);
			path = Generated;
			sourceTree = "<group>";
		};
		10C71F91110C0A71008E8718 /* Soap */ = {
			isa = PBXGroup;
			children = (
				1067D05612B7BA3D005BBFFD /* NSMutableArray+Soap.h */,
				1067D05712B7BA3D005BBFFD /* NSMutableArray+Soap.m */,
				10C71F92110C0A71008E8718 /* NSData+Base64.h */,
				10C71F93110C0A71008E8718 /* NSData+Base64.m */,
				10C71F94110C0A71008E8718 /* Soap.h */,
				10C71F95110C0A71008E8718 /* Soap.m */,
				10C71F96110C0A71008E8718 /* SoapArray.h */,
				10C71F97110C0A71008E8718 /* SoapArray.m */,
				10C71F98110C0A71008E8718 /* SoapDelegate.h */,
				10C71F99110C0A71008E8718 /* SoapDictionary.h */,
				10C71F9A110C0A71008E8718 /* SoapDictionary.m */,
				10C71F9B110C0A71008E8718 /* SoapFault.h */,
				10C71F9C110C0A71008E8718 /* SoapFault.m */,
				10C71F9D110C0A71008E8718 /* SoapHandler.h */,
				10C71F9E110C0A71008E8718 /* SoapHandler.m */,
				10C71F9F110C0A71008E8718 /* SoapNil.h */,
				10C71FA0110C0A71008E8718 /* SoapNil.m */,
				107DACA71217305B00F18A8A /* SoapLiteral.m */,
				107DACA81217305B00F18A8A /* SoapLiteral.h */,
				10C71FA1110C0A71008E8718 /* SoapObject.h */,
				10C71FA2110C0A71008E8718 /* SoapObject.m */,
				10C71FA3110C0A71008E8718 /* SoapParameter.h */,
				10C71FA4110C0A71008E8718 /* SoapParameter.m */,
				10C71FA5110C0A71008E8718 /* SoapReachability.h */,
				10C71FA6110C0A71008E8718 /* SoapReachability.m */,
				10C71FA7110C0A71008E8718 /* SoapRequest.h */,
				10C71FA8110C0A71008E8718 /* SoapRequest.m */,
				10C71FA9110C0A71008E8718 /* SoapService.h */,
				10C71FAA110C0A71008E8718 /* SoapService.m */,
			);
			path = Soap;
			sourceTree = "<group>";
		};
		10C71FAB110C0A71008E8718 /* TouchXML */ = {
			isa = PBXGroup;
			children = (
				10C71FAC110C0A71008E8718 /* CXMLDocument.h */,
				10C71FAD110C0A71008E8718 /* CXMLDocument.m */,
				10C71FAE110C0A71008E8718 /* CXMLDocument_PrivateExtensions.h */,
				10C71FAF110C0A71008E8718 /* CXMLDocument_PrivateExtensions.m */,
				10C71FB0110C0A71008E8718 /* CXMLElement.h */,
				10C71FB1110C0A71008E8718 /* CXMLElement.m */,
				10C71FB2110C0A71008E8718 /* CXMLNode.h */,
				10C71FB3110C0A71008E8718 /* CXMLNode.m */,
				10C71FB4110C0A71008E8718 /* CXMLNode_PrivateExtensions.h */,
				10C71FB5110C0A71008E8718 /* CXMLNode_PrivateExtensions.m */,
				10C71FB6110C0A71008E8718 /* CXMLNode_XPathExtensions.h */,
				10C71FB7110C0A71008E8718 /* CXMLNode_XPathExtensions.m */,
				10C71FB8110C0A71008E8718 /* TouchXML.h */,
			);
			path = TouchXML;
			sourceTree = "<group>";
		};
		19C28FACFE9D520D11CA2CBB /* Products */ = {
			isa = PBXGroup;
			children = (
				1D6058910D05DD3D006BFB54 /* SudzCExamples.app */,
			);
			name = Products;
			sourceTree = "<group>";
		};
		29B97314FDCFA39411CA2CEA /* CustomTemplate */ = {
			isa = PBXGroup;
			children = (
				10C71EBB110C0A71008E8718 /* Source */,
				10C71DC8110B5D8E008E8718 /* Classes */,
				29B97315FDCFA39411CA2CEA /* Other Sources */,
				29B97317FDCFA39411CA2CEA /* Resources */,
				29B97323FDCFA39411CA2CEA /* Frameworks */,
				19C28FACFE9D520D11CA2CBB /* Products */,
			);
			name = CustomTemplate;
			sourceTree = "<group>";
		};
		29B97315FDCFA39411CA2CEA /* Other Sources */ = {
			isa = PBXGroup;
			children = (
				32CA4F630368D1EE00C91783 /* SudzCExamples_Prefix.pch */,
				29B97316FDCFA39411CA2CEA /* main.m */,
			);
			name = "Other Sources";
			sourceTree = "<group>";
		};
		29B97317FDCFA39411CA2CEA /* Resources */ = {
			isa = PBXGroup;
			children = (
				28AD733E0D9D9553002E5188 /* MainWindow.xib */,
				8D1107310486CEB800E47090 /* SudzCExamples-Info.plist */,
			);
			name = Resources;
			sourceTree = "<group>";
		};
		29B97323FDCFA39411CA2CEA /* Frameworks */ = {
			isa = PBXGroup;
			children = (
				10C71E6D110B5EC0008E8718 /* SystemConfiguration.framework */,
				1DF5F4DF0D08C38300B7A737 /* UIKit.framework */,
				1D30AB110D05D00D00671497 /* Foundation.framework */,
				288765FC0DF74451002DB57D /* CoreGraphics.framework */,
			);
			name = Frameworks;
			sourceTree = "<group>";
		};
/* End PBXGroup section */

/* Begin PBXNativeTarget section */
		1D6058900D05DD3D006BFB54 /* SudzCExamples */ = {
			isa = PBXNativeTarget;
			buildConfigurationList = 1D6058960D05DD3E006BFB54 /* Build configuration list for PBXNativeTarget "SudzCExamples" */;
			buildPhases = (
				1D60588D0D05DD3D006BFB54 /* Resources */,
				1D60588E0D05DD3D006BFB54 /* Sources */,
				1D60588F0D05DD3D006BFB54 /* Frameworks */,
			);
			buildRules = (
			);
			dependencies = (
			);
			name = SudzCExamples;
			productName = SudzCExamples;
			productReference = 1D6058910D05DD3D006BFB54 /* SudzCExamples.app */;
			productType = "com.apple.product-type.application";
		};
/* End PBXNativeTarget section */

/* Begin PBXProject section */
		29B97313FDCFA39411CA2CEA /* Project object */ = {
			isa = PBXProject;
			buildConfigurationList = C01FCF4E08A954540054247B /* Build configuration list for PBXProject "SudzCExamples" */;
			compatibilityVersion = "Xcode 3.1";
			hasScannedForEncodings = 1;
			mainGroup = 29B97314FDCFA39411CA2CEA /* CustomTemplate */;
			projectDirPath = "";
			projectRoot = "";
			targets = (
				1D6058900D05DD3D006BFB54 /* SudzCExamples */,
			);
		};
/* End PBXProject section */

/* Begin PBXResourcesBuildPhase section */
		1D60588D0D05DD3D006BFB54 /* Resources */ = {
			isa = PBXResourcesBuildPhase;
			buildActionMask = 2147483647;
			files = (
				28AD733F0D9D9553002E5188 /* MainWindow.xib in Resources */,
			);
			runOnlyForDeploymentPostprocessing = 0;
		};
/* End PBXResourcesBuildPhase section */

/* Begin PBXSourcesBuildPhase section */
		1D60588E0D05DD3D006BFB54 /* Sources */ = {
			isa = PBXSourcesBuildPhase;
			buildActionMask = 2147483647;
			files = (
				1D60589B0D05DD56006BFB54 /* main.m in Sources */,
				10C71DCE110B5D9F008E8718 /* SudzCExamplesAppDelegate.m in Sources */,
/***PBXSourcesBuildPhase***/
				1067D05812B7BA3D005BBFFD /* NSMutableArray+Soap.m in Sources */,
				10C72023110C0A71008E8718 /* NSData+Base64.m in Sources */,
				10C72024110C0A71008E8718 /* Soap.m in Sources */,
				10C72025110C0A71008E8718 /* SoapArray.m in Sources */,
				10C72026110C0A71008E8718 /* SoapDictionary.m in Sources */,
				10C72027110C0A71008E8718 /* SoapFault.m in Sources */,
				10C72028110C0A71008E8718 /* SoapHandler.m in Sources */,
				10C72029110C0A71008E8718 /* SoapNil.m in Sources */,
				107DACA91217305B00F18A8A /* SoapLiteral.m in Sources */,
				10C7202A110C0A71008E8718 /* SoapObject.m in Sources */,
				10C7202B110C0A71008E8718 /* SoapParameter.m in Sources */,
				10C7202C110C0A71008E8718 /* SoapReachability.m in Sources */,
				10C7202D110C0A71008E8718 /* SoapRequest.m in Sources */,
				10C7202E110C0A71008E8718 /* SoapService.m in Sources */,
				10C7202F110C0A71008E8718 /* CXMLDocument.m in Sources */,
				10C72030110C0A71008E8718 /* CXMLDocument_PrivateExtensions.m in Sources */,
				10C72031110C0A71008E8718 /* CXMLElement.m in Sources */,
				10C72032110C0A71008E8718 /* CXMLNode.m in Sources */,
				10C72033110C0A71008E8718 /* CXMLNode_PrivateExtensions.m in Sources */,
				10C72034110C0A71008E8718 /* CXMLNode_XPathExtensions.m in Sources */,
			);
			runOnlyForDeploymentPostprocessing = 0;
		};
/* End PBXSourcesBuildPhase section */

/* Begin XCBuildConfiguration section */
		1D6058940D05DD3E006BFB54 /* Debug */ = {
			isa = XCBuildConfiguration;
			buildSettings = {
				ALWAYS_SEARCH_USER_PATHS = NO;
				COPY_PHASE_STRIP = NO;
				GCC_DYNAMIC_NO_PIC = NO;
				GCC_OPTIMIZATION_LEVEL = 0;
				GCC_PRECOMPILE_PREFIX_HEADER = YES;
				GCC_PREFIX_HEADER = SudzCExamples_Prefix.pch;
				INFOPLIST_FILE = "SudzCExamples-Info.plist";
				PRODUCT_NAME = SudzCExamples;
			};
			name = Debug;
		};
		1D6058950D05DD3E006BFB54 /* Release */ = {
			isa = XCBuildConfiguration;
			buildSettings = {
				ALWAYS_SEARCH_USER_PATHS = NO;
				COPY_PHASE_STRIP = YES;
				GCC_PRECOMPILE_PREFIX_HEADER = YES;
				GCC_PREFIX_HEADER = SudzCExamples_Prefix.pch;
				INFOPLIST_FILE = "SudzCExamples-Info.plist";
				PRODUCT_NAME = SudzCExamples;
			};
			name = Release;
		};
		C01FCF4F08A954540054247B /* Debug */ = {
			isa = XCBuildConfiguration;
			buildSettings = {
				ARCHS = "$(ARCHS_STANDARD_32_BIT)";
				"CODE_SIGN_IDENTITY[sdk=iphoneos*]" = "iPhone Developer";
				GCC_C_LANGUAGE_STANDARD = c99;
				GCC_WARN_ABOUT_RETURN_TYPE = YES;
				GCC_WARN_UNUSED_VARIABLE = YES;
				HEADER_SEARCH_PATHS = /usr/include/libxml2;
				OTHER_LDFLAGS = "-lxml2";
				PREBINDING = NO;
				SDKROOT = iphoneos;
			};
			name = Debug;
		};
		C01FCF5008A954540054247B /* Release */ = {
			isa = XCBuildConfiguration;
			buildSettings = {
				ARCHS = "$(ARCHS_STANDARD_32_BIT)";
				"CODE_SIGN_IDENTITY[sdk=iphoneos*]" = "iPhone Developer";
				GCC_C_LANGUAGE_STANDARD = c99;
				GCC_WARN_ABOUT_RETURN_TYPE = YES;
				GCC_WARN_UNUSED_VARIABLE = YES;
				HEADER_SEARCH_PATHS = /usr/include/libxml2;
				OTHER_LDFLAGS = "-lxml2";
				PREBINDING = NO;
				SDKROOT = iphoneos;
			};
			name = Release;
		};
/* End XCBuildConfiguration section */

/* Begin XCConfigurationList section */
		1D6058960D05DD3E006BFB54 /* Build configuration list for PBXNativeTarget "SudzCExamples" */ = {
			isa = XCConfigurationList;
			buildConfigurations = (
				1D6058940D05DD3E006BFB54 /* Debug */,
				1D6058950D05DD3E006BFB54 /* Release */,
			);
			defaultConfigurationIsVisible = 0;
			defaultConfigurationName = Release;
		};
		C01FCF4E08A954540054247B /* Build configuration list for PBXProject "SudzCExamples" */ = {
			isa = XCConfigurationList;
			buildConfigurations = (
				C01FCF4F08A954540054247B /* Debug */,
				C01FCF5008A954540054247B /* Release */,
			);
			defaultConfigurationIsVisible = 0;
			defaultConfigurationName = Release;
		};
/* End XCConfigurationList section */
	};
	rootObject = 29B97313FDCFA39411CA2CEA /* Project object */;
}
