
Microsoft Visual Studio Solution File, Format Version 12.00
# Visual Studio 2012
Project("{FAE04EC0-301F-11D3-BF4B-00C04F79EFBC}") = "ConvertLib", "ConvertLib\ConvertLib.csproj", "{D3173D35-982E-4A08-87CA-7DE94CDB7AFA}"
EndProject
Project("{FAE04EC0-301F-11D3-BF4B-00C04F79EFBC}") = "WebApplication", "WebApplication\WebApplication.csproj", "{24553183-01E6-47BE-9075-98B9AD225C15}"
EndProject
Global
	GlobalSection(SolutionConfigurationPlatforms) = preSolution
		Debug|.NET = Debug|.NET
		Debug|Any CPU = Debug|Any CPU
		Debug|Mixed Platforms = Debug|Mixed Platforms
		Release|.NET = Release|.NET
		Release|Any CPU = Release|Any CPU
		Release|Mixed Platforms = Release|Mixed Platforms
	EndGlobalSection
	GlobalSection(ProjectConfigurationPlatforms) = postSolution
		{D3173D35-982E-4A08-87CA-7DE94CDB7AFA}.Debug|.NET.ActiveCfg = Debug|Any CPU
		{D3173D35-982E-4A08-87CA-7DE94CDB7AFA}.Debug|Any CPU.ActiveCfg = Debug|Any CPU
		{D3173D35-982E-4A08-87CA-7DE94CDB7AFA}.Debug|Any CPU.Build.0 = Debug|Any CPU
		{D3173D35-982E-4A08-87CA-7DE94CDB7AFA}.Debug|Mixed Platforms.ActiveCfg = Debug|Any CPU
		{D3173D35-982E-4A08-87CA-7DE94CDB7AFA}.Debug|Mixed Platforms.Build.0 = Debug|Any CPU
		{D3173D35-982E-4A08-87CA-7DE94CDB7AFA}.Release|.NET.ActiveCfg = Release|Any CPU
		{D3173D35-982E-4A08-87CA-7DE94CDB7AFA}.Release|Any CPU.ActiveCfg = Release|Any CPU
		{D3173D35-982E-4A08-87CA-7DE94CDB7AFA}.Release|Any CPU.Build.0 = Release|Any CPU
		{D3173D35-982E-4A08-87CA-7DE94CDB7AFA}.Release|Mixed Platforms.ActiveCfg = Release|Any CPU
		{D3173D35-982E-4A08-87CA-7DE94CDB7AFA}.Release|Mixed Platforms.Build.0 = Release|Any CPU
		{24553183-01E6-47BE-9075-98B9AD225C15}.Debug|.NET.ActiveCfg = Debug|Any CPU
		{24553183-01E6-47BE-9075-98B9AD225C15}.Debug|Any CPU.ActiveCfg = Debug|Any CPU
		{24553183-01E6-47BE-9075-98B9AD225C15}.Debug|Any CPU.Build.0 = Debug|Any CPU
		{24553183-01E6-47BE-9075-98B9AD225C15}.Debug|Mixed Platforms.ActiveCfg = Debug|Any CPU
		{24553183-01E6-47BE-9075-98B9AD225C15}.Debug|Mixed Platforms.Build.0 = Debug|Any CPU
		{24553183-01E6-47BE-9075-98B9AD225C15}.Release|.NET.ActiveCfg = Release|Any CPU
		{24553183-01E6-47BE-9075-98B9AD225C15}.Release|Any CPU.ActiveCfg = Release|Any CPU
		{24553183-01E6-47BE-9075-98B9AD225C15}.Release|Any CPU.Build.0 = Release|Any CPU
		{24553183-01E6-47BE-9075-98B9AD225C15}.Release|Mixed Platforms.ActiveCfg = Release|Any CPU
		{24553183-01E6-47BE-9075-98B9AD225C15}.Release|Mixed Platforms.Build.0 = Release|Any CPU
	EndGlobalSection
	GlobalSection(SolutionProperties) = preSolution
		HideSolutionNode = FALSE
	EndGlobalSection
EndGlobal
